
Microsoft Visual Studio Solution File, Format Version 12.00
# Visual Studio Version 17
VisualStudioVersion = 17.12.35514.174 d17.12
MinimumVisualStudioVersion = 10.0.40219.1
Project("{FAE04EC0-301F-11D3-BF4B-00C04F79EFBC}") = "WpfApp5", "WpfApp5\WpfApp5.csproj", "{3F209730-D20F-4DA4-827F-6D0CE16306EF}"
EndProject
Global
	GlobalSection(SolutionConfigurationPlatforms) = preSolution
		Debug|Any CPU = Debug|Any CPU
		Release|Any CPU = Release|Any CPU
	EndGlobalSection
	GlobalSection(ProjectConfigurationPlatforms) = postSolution
		{3F209730-D20F-4DA4-827F-6D0CE16306EF}.Debug|Any CPU.ActiveCfg = Debug|Any CPU
		{3F209730-D20F-4DA4-827F-6D0CE16306EF}.Debug|Any CPU.Build.0 = Debug|Any CPU
		{3F209730-D20F-4DA4-827F-6D0CE16306EF}.Release|Any CPU.ActiveCfg = Release|Any CPU
		{3F209730-D20F-4DA4-827F-6D0CE16306EF}.Release|Any CPU.Build.0 = Release|Any CPU
	EndGlobalSection
	GlobalSection(SolutionProperties) = preSolution
		HideSolutionNode = FALSE
	EndGlobalSection
EndGlobal
